// !$*UTF8*$!
{
	archiveVersion = 1;
	classes = {
	};
	objectVersion = 56;
	objects = {

/* Begin PBXBuildFile section */
		FA86179E29F40D360046F673 /* Main.swift in Sources */ = {isa = PBXBuildFile; fileRef = FA86179D29F40D360046F673 /* Main.swift */; };
		FA8617A029F40D360046F673 /* ContentView.swift in Sources */ = {isa = PBXBuildFile; fileRef = FA86179F29F40D360046F673 /* ContentView.swift */; };
		FA8617A229F40D390046F673 /* Assets.xcassets in Resources */ = {isa = PBXBuildFile; fileRef = FA8617A129F40D390046F673 /* Assets.xcassets */; };
		FA8617A529F40D390046F673 /* Preview Assets.xcassets in Resources */ = {isa = PBXBuildFile; fileRef = FA8617A429F40D390046F673 /* Preview Assets.xcassets */; };
		FA8617AD29F40D950046F673 /* MessageUI.framework in Frameworks */ = {isa = PBXBuildFile; fileRef = FA8617AC29F40D950046F673 /* MessageUI.framework */; };
		FAB56A5A29FE817500673CB6 /* TransactionModel.swift in Sources */ = {isa = PBXBuildFile; fileRef = FAB56A5929FE817500673CB6 /* TransactionModel.swift */; };
		FAB56A5C29FE862A00673CB6 /* ExpenseItemCell.swift in Sources */ = {isa = PBXBuildFile; fileRef = FAB56A5B29FE862A00673CB6 /* ExpenseItemCell.swift */; };
		FAED5BD32A2BBE03007D8A9D /* Color+extensions.swift in Sources */ = {isa = PBXBuildFile; fileRef = FAED5BD22A2BBE03007D8A9D /* Color+extensions.swift */; };
		FAED5BDA2A2BCDAC007D8A9D /* VT323-Regular.ttf in Resources */ = {isa = PBXBuildFile; fileRef = FAED5BD92A2BCDAC007D8A9D /* VT323-Regular.ttf */; };
		FAED5BDC2A2CBB2B007D8A9D /* TotalSpendingsOverMonths.swift in Sources */ = {isa = PBXBuildFile; fileRef = FAED5BDB2A2CBB2B007D8A9D /* TotalSpendingsOverMonths.swift */; };
		FAED5BDF2A2CF952007D8A9D /* Padauk-Bold.ttf in Resources */ = {isa = PBXBuildFile; fileRef = FAED5BDD2A2CF952007D8A9D /* Padauk-Bold.ttf */; };
		FAED5BE02A2CF952007D8A9D /* Padauk-Regular.ttf in Resources */ = {isa = PBXBuildFile; fileRef = FAED5BDE2A2CF952007D8A9D /* Padauk-Regular.ttf */; };
		FAED5BE22A2D0079007D8A9D /* Anton-Regular.ttf in Resources */ = {isa = PBXBuildFile; fileRef = FAED5BE12A2D0078007D8A9D /* Anton-Regular.ttf */; };
		FAED5BE42A2D0E42007D8A9D /* SecularOne-Regular.ttf in Resources */ = {isa = PBXBuildFile; fileRef = FAED5BE32A2D0E41007D8A9D /* SecularOne-Regular.ttf */; };
/* End PBXBuildFile section */

/* Begin PBXFileReference section */
		FA86179A29F40D360046F673 /* expense-tracker-ios.app */ = {isa = PBXFileReference; explicitFileType = wrapper.application; includeInIndex = 0; path = "expense-tracker-ios.app"; sourceTree = BUILT_PRODUCTS_DIR; };
		FA86179D29F40D360046F673 /* Main.swift */ = {isa = PBXFileReference; lastKnownFileType = sourcecode.swift; path = Main.swift; sourceTree = "<group>"; };
		FA86179F29F40D360046F673 /* ContentView.swift */ = {isa = PBXFileReference; lastKnownFileType = sourcecode.swift; path = ContentView.swift; sourceTree = "<group>"; };
		FA8617A129F40D390046F673 /* Assets.xcassets */ = {isa = PBXFileReference; lastKnownFileType = folder.assetcatalog; path = Assets.xcassets; sourceTree = "<group>"; };
		FA8617A429F40D390046F673 /* Preview Assets.xcassets */ = {isa = PBXFileReference; lastKnownFileType = folder.assetcatalog; path = "Preview Assets.xcassets"; sourceTree = "<group>"; };
		FA8617AC29F40D950046F673 /* MessageUI.framework */ = {isa = PBXFileReference; lastKnownFileType = wrapper.framework; name = MessageUI.framework; path = System/Library/Frameworks/MessageUI.framework; sourceTree = SDKROOT; };
		FAB56A5929FE817500673CB6 /* TransactionModel.swift */ = {isa = PBXFileReference; lastKnownFileType = sourcecode.swift; path = TransactionModel.swift; sourceTree = "<group>"; };
		FAB56A5B29FE862A00673CB6 /* ExpenseItemCell.swift */ = {isa = PBXFileReference; lastKnownFileType = sourcecode.swift; path = ExpenseItemCell.swift; sourceTree = "<group>"; };
		FAED5BD22A2BBE03007D8A9D /* Color+extensions.swift */ = {isa = PBXFileReference; lastKnownFileType = sourcecode.swift; path = "Color+extensions.swift"; sourceTree = "<group>"; };
		FAED5BD62A2BC7AF007D8A9D /* Info.plist */ = {isa = PBXFileReference; lastKnownFileType = text.plist; path = Info.plist; sourceTree = "<group>"; };
		FAED5BD92A2BCDAC007D8A9D /* VT323-Regular.ttf */ = {isa = PBXFileReference; lastKnownFileType = file; path = "VT323-Regular.ttf"; sourceTree = "<group>"; };
		FAED5BDB2A2CBB2B007D8A9D /* TotalSpendingsOverMonths.swift */ = {isa = PBXFileReference; lastKnownFileType = sourcecode.swift; path = TotalSpendingsOverMonths.swift; sourceTree = "<group>"; };
		FAED5BDD2A2CF952007D8A9D /* Padauk-Bold.ttf */ = {isa = PBXFileReference; lastKnownFileType = file; path = "Padauk-Bold.ttf"; sourceTree = "<group>"; };
		FAED5BDE2A2CF952007D8A9D /* Padauk-Regular.ttf */ = {isa = PBXFileReference; lastKnownFileType = file; path = "Padauk-Regular.ttf"; sourceTree = "<group>"; };
		FAED5BE12A2D0078007D8A9D /* Anton-Regular.ttf */ = {isa = PBXFileReference; lastKnownFileType = file; path = "Anton-Regular.ttf"; sourceTree = "<group>"; };
		FAED5BE32A2D0E41007D8A9D /* SecularOne-Regular.ttf */ = {isa = PBXFileReference; lastKnownFileType = file; path = "SecularOne-Regular.ttf"; sourceTree = "<group>"; };
/* End PBXFileReference section */

/* Begin PBXFrameworksBuildPhase section */
		FA86179729F40D360046F673 /* Frameworks */ = {
			isa = PBXFrameworksBuildPhase;
			buildActionMask = 2147483647;
			files = (
				FA8617AD29F40D950046F673 /* MessageUI.framework in Frameworks */,
			);
			runOnlyForDeploymentPostprocessing = 0;
		};
/* End PBXFrameworksBuildPhase section */

/* Begin PBXGroup section */
		FA86179129F40D360046F673 = {
			isa = PBXGroup;
			children = (
				FA86179C29F40D360046F673 /* expense-tracker-ios */,
				FA86179B29F40D360046F673 /* Products */,
				FA8617AB29F40D940046F673 /* Frameworks */,
			);
			sourceTree = "<group>";
		};
		FA86179B29F40D360046F673 /* Products */ = {
			isa = PBXGroup;
			children = (
				FA86179A29F40D360046F673 /* expense-tracker-ios.app */,
			);
			name = Products;
			sourceTree = "<group>";
		};
		FA86179C29F40D360046F673 /* expense-tracker-ios */ = {
			isa = PBXGroup;
			children = (
				FAED5BD62A2BC7AF007D8A9D /* Info.plist */,
				FA86179D29F40D360046F673 /* Main.swift */,
				FA86179F29F40D360046F673 /* ContentView.swift */,
				FAB56A5B29FE862A00673CB6 /* ExpenseItemCell.swift */,
				FA8617A129F40D390046F673 /* Assets.xcassets */,
				FA8617A329F40D390046F673 /* Preview Content */,
				FAB56A5929FE817500673CB6 /* TransactionModel.swift */,
				FAED5BD22A2BBE03007D8A9D /* Color+extensions.swift */,
				FAED5BD92A2BCDAC007D8A9D /* VT323-Regular.ttf */,
				FAED5BDD2A2CF952007D8A9D /* Padauk-Bold.ttf */,
				FAED5BDE2A2CF952007D8A9D /* Padauk-Regular.ttf */,
				FAED5BE12A2D0078007D8A9D /* Anton-Regular.ttf */,
				FAED5BE32A2D0E41007D8A9D /* SecularOne-Regular.ttf */,
				FAED5BDB2A2CBB2B007D8A9D /* TotalSpendingsOverMonths.swift */,
			);
			path = "expense-tracker-ios";
			sourceTree = "<group>";
		};
		FA8617A329F40D390046F673 /* Preview Content */ = {
			isa = PBXGroup;
			children = (
				FA8617A429F40D390046F673 /* Preview Assets.xcassets */,
			);
			path = "Preview Content";
			sourceTree = "<group>";
		};
		FA8617AB29F40D940046F673 /* Frameworks */ = {
			isa = PBXGroup;
			children = (
				FA8617AC29F40D950046F673 /* MessageUI.framework */,
			);
			name = Frameworks;
			sourceTree = "<group>";
		};
/* End PBXGroup section */

/* Begin PBXNativeTarget section */
		FA86179929F40D360046F673 /* expense-tracker-ios */ = {
			isa = PBXNativeTarget;
			buildConfigurationList = FA8617A829F40D390046F673 /* Build configuration list for PBXNativeTarget "expense-tracker-ios" */;
			buildPhases = (
				FA86179629F40D360046F673 /* Sources */,
				FA86179729F40D360046F673 /* Frameworks */,
				FA86179829F40D360046F673 /* Resources */,
			);
			buildRules = (
			);
			dependencies = (
			);
			name = "expense-tracker-ios";
			productName = "expense-tracker-ios";
			productReference = FA86179A29F40D360046F673 /* expense-tracker-ios.app */;
			productType = "com.apple.product-type.application";
		};
/* End PBXNativeTarget section */

/* Begin PBXProject section */
		FA86179229F40D360046F673 /* Project object */ = {
			isa = PBXProject;
			attributes = {
				BuildIndependentTargetsInParallel = 1;
				LastSwiftUpdateCheck = 1430;
				LastUpgradeCheck = 1430;
				TargetAttributes = {
					FA86179929F40D360046F673 = {
						CreatedOnToolsVersion = 14.3;
					};
				};
			};
			buildConfigurationList = FA86179529F40D360046F673 /* Build configuration list for PBXProject "expense-tracker-ios" */;
			compatibilityVersion = "Xcode 14.0";
			developmentRegion = en;
			hasScannedForEncodings = 0;
			knownRegions = (
				en,
				Base,
			);
			mainGroup = FA86179129F40D360046F673;
			productRefGroup = FA86179B29F40D360046F673 /* Products */;
			projectDirPath = "";
			projectRoot = "";
			targets = (
				FA86179929F40D360046F673 /* expense-tracker-ios */,
			);
		};
/* End PBXProject section */

/* Begin PBXResourcesBuildPhase section */
		FA86179829F40D360046F673 /* Resources */ = {
			isa = PBXResourcesBuildPhase;
			buildActionMask = 2147483647;
			files = (
				FA8617A529F40D390046F673 /* Preview Assets.xcassets in Resources */,
				FAED5BE42A2D0E42007D8A9D /* SecularOne-Regular.ttf in Resources */,
				FAED5BE02A2CF952007D8A9D /* Padauk-Regular.ttf in Resources */,
				FAED5BE22A2D0079007D8A9D /* Anton-Regular.ttf in Resources */,
				FAED5BDA2A2BCDAC007D8A9D /* VT323-Regular.ttf in Resources */,
				FA8617A229F40D390046F673 /* Assets.xcassets in Resources */,
				FAED5BDF2A2CF952007D8A9D /* Padauk-Bold.ttf in Resources */,
			);
			runOnlyForDeploymentPostprocessing = 0;
		};
/* End PBXResourcesBuildPhase section */

/* Begin PBXSourcesBuildPhase section */
		FA86179629F40D360046F673 /* Sources */ = {
			isa = PBXSourcesBuildPhase;
			buildActionMask = 2147483647;
			files = (
				FAB56A5A29FE817500673CB6 /* TransactionModel.swift in Sources */,
				FAED5BDC2A2CBB2B007D8A9D /* TotalSpendingsOverMonths.swift in Sources */,
				FA8617A029F40D360046F673 /* ContentView.swift in Sources */,
				FA86179E29F40D360046F673 /* Main.swift in Sources */,
				FAB56A5C29FE862A00673CB6 /* ExpenseItemCell.swift in Sources */,
				FAED5BD32A2BBE03007D8A9D /* Color+extensions.swift in Sources */,
			);
			runOnlyForDeploymentPostprocessing = 0;
		};
/* End PBXSourcesBuildPhase section */

/* Begin XCBuildConfiguration section */
		FA8617A629F40D390046F673 /* Debug */ = {
			isa = XCBuildConfiguration;
			buildSettings = {
				ALWAYS_SEARCH_USER_PATHS = NO;
				CLANG_ANALYZER_NONNULL = YES;
				CLANG_ANALYZER_NUMBER_OBJECT_CONVERSION = YES_AGGRESSIVE;
				CLANG_CXX_LANGUAGE_STANDARD = "gnu++20";
				CLANG_ENABLE_MODULES = YES;
				CLANG_ENABLE_OBJC_ARC = YES;
				CLANG_ENABLE_OBJC_WEAK = YES;
				CLANG_WARN_BLOCK_CAPTURE_AUTORELEASING = YES;
				CLANG_WARN_BOOL_CONVERSION = YES;
				CLANG_WARN_COMMA = YES;
				CLANG_WARN_CONSTANT_CONVERSION = YES;
				CLANG_WARN_DEPRECATED_OBJC_IMPLEMENTATIONS = YES;
				CLANG_WARN_DIRECT_OBJC_ISA_USAGE = YES_ERROR;
				CLANG_WARN_DOCUMENTATION_COMMENTS = YES;
				CLANG_WARN_EMPTY_BODY = YES;
				CLANG_WARN_ENUM_CONVERSION = YES;
				CLANG_WARN_INFINITE_RECURSION = YES;
				CLANG_WARN_INT_CONVERSION = YES;
				CLANG_WARN_NON_LITERAL_NULL_CONVERSION = YES;
				CLANG_WARN_OBJC_IMPLICIT_RETAIN_SELF = YES;
				CLANG_WARN_OBJC_LITERAL_CONVERSION = YES;
				CLANG_WARN_OBJC_ROOT_CLASS = YES_ERROR;
				CLANG_WARN_QUOTED_INCLUDE_IN_FRAMEWORK_HEADER = YES;
				CLANG_WARN_RANGE_LOOP_ANALYSIS = YES;
				CLANG_WARN_STRICT_PROTOTYPES = YES;
				CLANG_WARN_SUSPICIOUS_MOVE = YES;
				CLANG_WARN_UNGUARDED_AVAILABILITY = YES_AGGRESSIVE;
				CLANG_WARN_UNREACHABLE_CODE = YES;
				CLANG_WARN__DUPLICATE_METHOD_MATCH = YES;
				COPY_PHASE_STRIP = NO;
				DEBUG_INFORMATION_FORMAT = dwarf;
				ENABLE_STRICT_OBJC_MSGSEND = YES;
				ENABLE_TESTABILITY = YES;
				GCC_C_LANGUAGE_STANDARD = gnu11;
				GCC_DYNAMIC_NO_PIC = NO;
				GCC_NO_COMMON_BLOCKS = YES;
				GCC_OPTIMIZATION_LEVEL = 0;
				GCC_PREPROCESSOR_DEFINITIONS = (
					"DEBUG=1",
					"$(inherited)",
				);
				GCC_WARN_64_TO_32_BIT_CONVERSION = YES;
				GCC_WARN_ABOUT_RETURN_TYPE = YES_ERROR;
				GCC_WARN_UNDECLARED_SELECTOR = YES;
				GCC_WARN_UNINITIALIZED_AUTOS = YES_AGGRESSIVE;
				GCC_WARN_UNUSED_FUNCTION = YES;
				GCC_WARN_UNUSED_VARIABLE = YES;
				IPHONEOS_DEPLOYMENT_TARGET = 16.4;
				MTL_ENABLE_DEBUG_INFO = INCLUDE_SOURCE;
				MTL_FAST_MATH = YES;
				ONLY_ACTIVE_ARCH = YES;
				SDKROOT = iphoneos;
				SWIFT_ACTIVE_COMPILATION_CONDITIONS = DEBUG;
				SWIFT_OPTIMIZATION_LEVEL = "-Onone";
			};
			name = Debug;
		};
		FA8617A729F40D390046F673 /* Release */ = {
			isa = XCBuildConfiguration;
			buildSettings = {
				ALWAYS_SEARCH_USER_PATHS = NO;
				CLANG_ANALYZER_NONNULL = YES;
				CLANG_ANALYZER_NUMBER_OBJECT_CONVERSION = YES_AGGRESSIVE;
				CLANG_CXX_LANGUAGE_STANDARD = "gnu++20";
				CLANG_ENABLE_MODULES = YES;
				CLANG_ENABLE_OBJC_ARC = YES;
				CLANG_ENABLE_OBJC_WEAK = YES;
				CLANG_WARN_BLOCK_CAPTURE_AUTORELEASING = YES;
				CLANG_WARN_BOOL_CONVERSION = YES;
				CLANG_WARN_COMMA = YES;
				CLANG_WARN_CONSTANT_CONVERSION = YES;
				CLANG_WARN_DEPRECATED_OBJC_IMPLEMENTATIONS = YES;
				CLANG_WARN_DIRECT_OBJC_ISA_USAGE = YES_ERROR;
				CLANG_WARN_DOCUMENTATION_COMMENTS = YES;
				CLANG_WARN_EMPTY_BODY = YES;
				CLANG_WARN_ENUM_CONVERSION = YES;
				CLANG_WARN_INFINITE_RECURSION = YES;
				CLANG_WARN_INT_CONVERSION = YES;
				CLANG_WARN_NON_LITERAL_NULL_CONVERSION = YES;
				CLANG_WARN_OBJC_IMPLICIT_RETAIN_SELF = YES;
				CLANG_WARN_OBJC_LITERAL_CONVERSION = YES;
				CLANG_WARN_OBJC_ROOT_CLASS = YES_ERROR;
				CLANG_WARN_QUOTED_INCLUDE_IN_FRAMEWORK_HEADER = YES;
				CLANG_WARN_RANGE_LOOP_ANALYSIS = YES;
				CLANG_WARN_STRICT_PROTOTYPES = YES;
				CLANG_WARN_SUSPICIOUS_MOVE = YES;
				CLANG_WARN_UNGUARDED_AVAILABILITY = YES_AGGRESSIVE;
				CLANG_WARN_UNREACHABLE_CODE = YES;
				CLANG_WARN__DUPLICATE_METHOD_MATCH = YES;
				COPY_PHASE_STRIP = NO;
				DEBUG_INFORMATION_FORMAT = "dwarf-with-dsym";
				ENABLE_NS_ASSERTIONS = NO;
				ENABLE_STRICT_OBJC_MSGSEND = YES;
				GCC_C_LANGUAGE_STANDARD = gnu11;
				GCC_NO_COMMON_BLOCKS = YES;
				GCC_WARN_64_TO_32_BIT_CONVERSION = YES;
				GCC_WARN_ABOUT_RETURN_TYPE = YES_ERROR;
				GCC_WARN_UNDECLARED_SELECTOR = YES;
				GCC_WARN_UNINITIALIZED_AUTOS = YES_AGGRESSIVE;
				GCC_WARN_UNUSED_FUNCTION = YES;
				GCC_WARN_UNUSED_VARIABLE = YES;
				IPHONEOS_DEPLOYMENT_TARGET = 16.4;
				MTL_ENABLE_DEBUG_INFO = NO;
				MTL_FAST_MATH = YES;
				SDKROOT = iphoneos;
				SWIFT_COMPILATION_MODE = wholemodule;
				SWIFT_OPTIMIZATION_LEVEL = "-O";
				VALIDATE_PRODUCT = YES;
			};
			name = Release;
		};
		FA8617A929F40D390046F673 /* Debug */ = {
			isa = XCBuildConfiguration;
			buildSettings = {
				ASSETCATALOG_COMPILER_APPICON_NAME = AppIcon;
				ASSETCATALOG_COMPILER_GLOBAL_ACCENT_COLOR_NAME = AccentColor;
				CODE_SIGN_STYLE = Automatic;
				CURRENT_PROJECT_VERSION = 1;
				DEVELOPMENT_ASSET_PATHS = "\"expense-tracker-ios/Preview Content\"";
				DEVELOPMENT_TEAM = 969493845D;
				ENABLE_PREVIEWS = YES;
				GENERATE_INFOPLIST_FILE = YES;
				INFOPLIST_FILE = "expense-tracker-ios/Info.plist";
				INFOPLIST_KEY_UIApplicationSceneManifest_Generation = YES;
				INFOPLIST_KEY_UIApplicationSupportsIndirectInputEvents = YES;
				INFOPLIST_KEY_UILaunchScreen_Generation = YES;
				INFOPLIST_KEY_UISupportedInterfaceOrientations_iPad = "UIInterfaceOrientationPortrait UIInterfaceOrientationPortraitUpsideDown UIInterfaceOrientationLandscapeLeft UIInterfaceOrientationLandscapeRight";
				INFOPLIST_KEY_UISupportedInterfaceOrientations_iPhone = "UIInterfaceOrientationPortrait UIInterfaceOrientationLandscapeLeft UIInterfaceOrientationLandscapeRight";
				LD_RUNPATH_SEARCH_PATHS = (
					"$(inherited)",
					"@executable_path/Frameworks",
				);
				MARKETING_VERSION = 1.0;
				PRODUCT_BUNDLE_IDENTIFIER = "VishalBhogal.expense-tracker-ios";
				PRODUCT_NAME = "$(TARGET_NAME)";
				SWIFT_EMIT_LOC_STRINGS = YES;
				SWIFT_VERSION = 5.0;
				TARGETED_DEVICE_FAMILY = "1,2";
			};
			name = Debug;
		};
		FA8617AA29F40D390046F673 /* Release */ = {
			isa = XCBuildConfiguration;
			buildSettings = {
				ASSETCATALOG_COMPILER_APPICON_NAME = AppIcon;
				ASSETCATALOG_COMPILER_GLOBAL_ACCENT_COLOR_NAME = AccentColor;
				CODE_SIGN_STYLE = Automatic;
				CURRENT_PROJECT_VERSION = 1;
				DEVELOPMENT_ASSET_PATHS = "\"expense-tracker-ios/Preview Content\"";
				DEVELOPMENT_TEAM = 969493845D;
				ENABLE_PREVIEWS = YES;
				GENERATE_INFOPLIST_FILE = YES;
				INFOPLIST_FILE = "expense-tracker-ios/Info.plist";
				INFOPLIST_KEY_UIApplicationSceneManifest_Generation = YES;
				INFOPLIST_KEY_UIApplicationSupportsIndirectInputEvents = YES;
				INFOPLIST_KEY_UILaunchScreen_Generation = YES;
				INFOPLIST_KEY_UISupportedInterfaceOrientations_iPad = "UIInterfaceOrientationPortrait UIInterfaceOrientationPortraitUpsideDown UIInterfaceOrientationLandscapeLeft UIInterfaceOrientationLandscapeRight";
				INFOPLIST_KEY_UISupportedInterfaceOrientations_iPhone = "UIInterfaceOrientationPortrait UIInterfaceOrientationLandscapeLeft UIInterfaceOrientationLandscapeRight";
				LD_RUNPATH_SEARCH_PATHS = (
					"$(inherited)",
					"@executable_path/Frameworks",
				);
				MARKETING_VERSION = 1.0;
				PRODUCT_BUNDLE_IDENTIFIER = "VishalBhogal.expense-tracker-ios";
				PRODUCT_NAME = "$(TARGET_NAME)";
				SWIFT_EMIT_LOC_STRINGS = YES;
				SWIFT_VERSION = 5.0;
				TARGETED_DEVICE_FAMILY = "1,2";
			};
			name = Release;
		};
/* End XCBuildConfiguration section */

/* Begin XCConfigurationList section */
		FA86179529F40D360046F673 /* Build configuration list for PBXProject "expense-tracker-ios" */ = {
			isa = XCConfigurationList;
			buildConfigurations = (
				FA8617A629F40D390046F673 /* Debug */,
				FA8617A729F40D390046F673 /* Release */,
			);
			defaultConfigurationIsVisible = 0;
			defaultConfigurationName = Release;
		};
		FA8617A829F40D390046F673 /* Build configuration list for PBXNativeTarget "expense-tracker-ios" */ = {
			isa = XCConfigurationList;
			buildConfigurations = (
				FA8617A929F40D390046F673 /* Debug */,
				FA8617AA29F40D390046F673 /* Release */,
			);
			defaultConfigurationIsVisible = 0;
			defaultConfigurationName = Release;
		};
/* End XCConfigurationList section */
	};
	rootObject = FA86179229F40D360046F673 /* Project object */;
}
